
Microsoft Visual Studio Solution File, Format Version 12.00
# Visual Studio Version 17
VisualStudioVersion = 17.11.35219.272
MinimumVisualStudioVersion = 10.0.40219.1
Project("{9A19103F-16F7-4668-BE54-9A1E7A4F7556}") = "Gruppe10KVprototype", "Gruppe10KVprototype\Gruppe10KVprototype.csproj", "{014870E9-4DE9-42A8-920C-50EBE2ADEC45}"
EndProject
Project("{9A19103F-16F7-4668-BE54-9A1E7A4F7556}") = "Models", "Models\Models.csproj", "{38783C25-A0E4-46AB-B198-D62C62115084}"
EndProject
Project("{9A19103F-16F7-4668-BE54-9A1E7A4F7556}") = "Interfaces", "Interfaces\Interfaces.csproj", "{4AC06544-A90B-40E0-ABCE-B3C41FEFB80E}"
EndProject
Project("{9A19103F-16F7-4668-BE54-9A1E7A4F7556}") = "ViewModels", "ViewModels\ViewModels.csproj", "{DF262408-9CA5-4837-8161-52418C910A1B}"
EndProject
Project("{9A19103F-16F7-4668-BE54-9A1E7A4F7556}") = "DataAccess", "DataAccsess\DataAccess.csproj", "{7C7C97FA-E8BC-43D8-AC76-2D7B5F331946}"
EndProject
Project("{9A19103F-16F7-4668-BE54-9A1E7A4F7556}") = "Logic", "Logic\Logic.csproj", "{358DB19B-90CE-44F6-80B3-7017B2540D5E}"
EndProject
Project("{9A19103F-16F7-4668-BE54-9A1E7A4F7556}") = "LogicInterfaces", "LogicInterfaces\LogicInterfaces.csproj", "{9AC335AA-C58B-4805-9360-84981DCEF5A0}"
EndProject
Project("{9A19103F-16F7-4668-BE54-9A1E7A4F7556}") = "AuthDataAccess", "AuthDataAccess\AuthDataAccess.csproj", "{D4F02755-A21D-4684-BE6B-72D2875B4311}"
EndProject
Project("{9A19103F-16F7-4668-BE54-9A1E7A4F7556}") = "AuthInterface", "AuthInterface\AuthInterface.csproj", "{4BD9B133-707A-428F-8D00-020D09CC9D1E}"
EndProject
Project("{2150E333-8FDC-42A3-9474-1A3956D46DE8}") = "Solution Items", "Solution Items", "{8D67A65D-45D5-45DC-9D84-79D3C50FE99A}"
	ProjectSection(SolutionItems) = preProject
		docker-compose.yml = docker-compose.yml
	EndProjectSection
EndProject
Project("{FAE04EC0-301F-11D3-BF4B-00C04F79EFBC}") = "Services", "Services\Services.csproj", "{5BF332CE-3B2A-4E19-9DA9-E49020BE2BC6}"
EndProject
Project("{FAE04EC0-301F-11D3-BF4B-00C04F79EFBC}") = "ServicesInterfaces", "ServicesInterfaces\ServicesInterfaces.csproj", "{95AFBF49-47B5-4C5A-B4E1-1656BC9D9DE1}"
EndProject
Project("{2150E333-8FDC-42A3-9474-1A3956D46DE8}") = "src", "src", "{A111741C-AE89-47EE-8935-39CD71DB2BB3}"
EndProject
Project("{2150E333-8FDC-42A3-9474-1A3956D46DE8}") = "tests", "tests", "{F392217E-E89B-402A-A145-21B0B0EC7010}"
EndProject
Project("{FAE04EC0-301F-11D3-BF4B-00C04F79EFBC}") = "Gruppe10KVprototype.UnitTests", "Gruppe10KVprototype.UnitTests\Gruppe10KVprototype.UnitTests.csproj", "{2252FB55-2DCF-4AE1-8FDB-797807BBA89C}"
EndProject
Project("{FAE04EC0-301F-11D3-BF4B-00C04F79EFBC}") = "Logic.UnitTests", "Logic.UnitTests\Logic.UnitTests.csproj", "{731E2CFA-B1E1-4A41-AC00-8B124EA92BFA}"
EndProject
Project("{FAE04EC0-301F-11D3-BF4B-00C04F79EFBC}") = "LogicInterfaces.UnitTests", "LogicInterfaces.UnitTests\LogicInterfaces.UnitTests.csproj", "{E2697A13-CE3E-4C71-A73A-0C5C9121A1A0}"
EndProject
Project("{FAE04EC0-301F-11D3-BF4B-00C04F79EFBC}") = "Services.UnitTests", "Services.UnitTests\Services.UnitTests.csproj", "{9440B7C3-0361-448E-ADA4-732966AD5BC0}"
EndProject
Project("{FAE04EC0-301F-11D3-BF4B-00C04F79EFBC}") = "ServicesInterfaces.UnitTests", "ServicesInterfaces.UnitTests\ServicesInterfaces.UnitTests.csproj", "{7A5E63BE-272D-4E7E-9A91-D9F1CB942D0A}"
EndProject
Global
	GlobalSection(SolutionConfigurationPlatforms) = preSolution
		Debug|Any CPU = Debug|Any CPU
		Release|Any CPU = Release|Any CPU
	EndGlobalSection
	GlobalSection(ProjectConfigurationPlatforms) = postSolution
		{014870E9-4DE9-42A8-920C-50EBE2ADEC45}.Debug|Any CPU.ActiveCfg = Debug|Any CPU
		{014870E9-4DE9-42A8-920C-50EBE2ADEC45}.Debug|Any CPU.Build.0 = Debug|Any CPU
		{014870E9-4DE9-42A8-920C-50EBE2ADEC45}.Release|Any CPU.ActiveCfg = Release|Any CPU
		{014870E9-4DE9-42A8-920C-50EBE2ADEC45}.Release|Any CPU.Build.0 = Release|Any CPU
		{38783C25-A0E4-46AB-B198-D62C62115084}.Debug|Any CPU.ActiveCfg = Debug|Any CPU
		{38783C25-A0E4-46AB-B198-D62C62115084}.Debug|Any CPU.Build.0 = Debug|Any CPU
		{38783C25-A0E4-46AB-B198-D62C62115084}.Release|Any CPU.ActiveCfg = Release|Any CPU
		{38783C25-A0E4-46AB-B198-D62C62115084}.Release|Any CPU.Build.0 = Release|Any CPU
		{4AC06544-A90B-40E0-ABCE-B3C41FEFB80E}.Debug|Any CPU.ActiveCfg = Debug|Any CPU
		{4AC06544-A90B-40E0-ABCE-B3C41FEFB80E}.Debug|Any CPU.Build.0 = Debug|Any CPU
		{4AC06544-A90B-40E0-ABCE-B3C41FEFB80E}.Release|Any CPU.ActiveCfg = Release|Any CPU
		{4AC06544-A90B-40E0-ABCE-B3C41FEFB80E}.Release|Any CPU.Build.0 = Release|Any CPU
		{DF262408-9CA5-4837-8161-52418C910A1B}.Debug|Any CPU.ActiveCfg = Debug|Any CPU
		{DF262408-9CA5-4837-8161-52418C910A1B}.Debug|Any CPU.Build.0 = Debug|Any CPU
		{DF262408-9CA5-4837-8161-52418C910A1B}.Release|Any CPU.ActiveCfg = Release|Any CPU
		{DF262408-9CA5-4837-8161-52418C910A1B}.Release|Any CPU.Build.0 = Release|Any CPU
		{7C7C97FA-E8BC-43D8-AC76-2D7B5F331946}.Debug|Any CPU.ActiveCfg = Debug|Any CPU
		{7C7C97FA-E8BC-43D8-AC76-2D7B5F331946}.Debug|Any CPU.Build.0 = Debug|Any CPU
		{7C7C97FA-E8BC-43D8-AC76-2D7B5F331946}.Release|Any CPU.ActiveCfg = Release|Any CPU
		{7C7C97FA-E8BC-43D8-AC76-2D7B5F331946}.Release|Any CPU.Build.0 = Release|Any CPU
		{358DB19B-90CE-44F6-80B3-7017B2540D5E}.Debug|Any CPU.ActiveCfg = Debug|Any CPU
		{358DB19B-90CE-44F6-80B3-7017B2540D5E}.Debug|Any CPU.Build.0 = Debug|Any CPU
		{358DB19B-90CE-44F6-80B3-7017B2540D5E}.Release|Any CPU.ActiveCfg = Release|Any CPU
		{358DB19B-90CE-44F6-80B3-7017B2540D5E}.Release|Any CPU.Build.0 = Release|Any CPU
		{9AC335AA-C58B-4805-9360-84981DCEF5A0}.Debug|Any CPU.ActiveCfg = Debug|Any CPU
		{9AC335AA-C58B-4805-9360-84981DCEF5A0}.Debug|Any CPU.Build.0 = Debug|Any CPU
		{9AC335AA-C58B-4805-9360-84981DCEF5A0}.Release|Any CPU.ActiveCfg = Release|Any CPU
		{9AC335AA-C58B-4805-9360-84981DCEF5A0}.Release|Any CPU.Build.0 = Release|Any CPU
		{D4F02755-A21D-4684-BE6B-72D2875B4311}.Debug|Any CPU.ActiveCfg = Debug|Any CPU
		{D4F02755-A21D-4684-BE6B-72D2875B4311}.Debug|Any CPU.Build.0 = Debug|Any CPU
		{D4F02755-A21D-4684-BE6B-72D2875B4311}.Release|Any CPU.ActiveCfg = Release|Any CPU
		{D4F02755-A21D-4684-BE6B-72D2875B4311}.Release|Any CPU.Build.0 = Release|Any CPU
		{4BD9B133-707A-428F-8D00-020D09CC9D1E}.Debug|Any CPU.ActiveCfg = Debug|Any CPU
		{4BD9B133-707A-428F-8D00-020D09CC9D1E}.Debug|Any CPU.Build.0 = Debug|Any CPU
		{4BD9B133-707A-428F-8D00-020D09CC9D1E}.Release|Any CPU.ActiveCfg = Release|Any CPU
		{4BD9B133-707A-428F-8D00-020D09CC9D1E}.Release|Any CPU.Build.0 = Release|Any CPU
		{5BF332CE-3B2A-4E19-9DA9-E49020BE2BC6}.Debug|Any CPU.ActiveCfg = Debug|Any CPU
		{5BF332CE-3B2A-4E19-9DA9-E49020BE2BC6}.Debug|Any CPU.Build.0 = Debug|Any CPU
		{5BF332CE-3B2A-4E19-9DA9-E49020BE2BC6}.Release|Any CPU.ActiveCfg = Release|Any CPU
		{5BF332CE-3B2A-4E19-9DA9-E49020BE2BC6}.Release|Any CPU.Build.0 = Release|Any CPU
		{95AFBF49-47B5-4C5A-B4E1-1656BC9D9DE1}.Debug|Any CPU.ActiveCfg = Debug|Any CPU
		{95AFBF49-47B5-4C5A-B4E1-1656BC9D9DE1}.Debug|Any CPU.Build.0 = Debug|Any CPU
		{95AFBF49-47B5-4C5A-B4E1-1656BC9D9DE1}.Release|Any CPU.ActiveCfg = Release|Any CPU
		{95AFBF49-47B5-4C5A-B4E1-1656BC9D9DE1}.Release|Any CPU.Build.0 = Release|Any CPU
		{2252FB55-2DCF-4AE1-8FDB-797807BBA89C}.Debug|Any CPU.ActiveCfg = Debug|Any CPU
		{2252FB55-2DCF-4AE1-8FDB-797807BBA89C}.Debug|Any CPU.Build.0 = Debug|Any CPU
		{2252FB55-2DCF-4AE1-8FDB-797807BBA89C}.Release|Any CPU.ActiveCfg = Release|Any CPU
		{2252FB55-2DCF-4AE1-8FDB-797807BBA89C}.Release|Any CPU.Build.0 = Release|Any CPU
		{731E2CFA-B1E1-4A41-AC00-8B124EA92BFA}.Debug|Any CPU.ActiveCfg = Debug|Any CPU
		{731E2CFA-B1E1-4A41-AC00-8B124EA92BFA}.Debug|Any CPU.Build.0 = Debug|Any CPU
		{731E2CFA-B1E1-4A41-AC00-8B124EA92BFA}.Release|Any CPU.ActiveCfg = Release|Any CPU
		{731E2CFA-B1E1-4A41-AC00-8B124EA92BFA}.Release|Any CPU.Build.0 = Release|Any CPU
		{E2697A13-CE3E-4C71-A73A-0C5C9121A1A0}.Debug|Any CPU.ActiveCfg = Debug|Any CPU
		{E2697A13-CE3E-4C71-A73A-0C5C9121A1A0}.Debug|Any CPU.Build.0 = Debug|Any CPU
		{E2697A13-CE3E-4C71-A73A-0C5C9121A1A0}.Release|Any CPU.ActiveCfg = Release|Any CPU
		{E2697A13-CE3E-4C71-A73A-0C5C9121A1A0}.Release|Any CPU.Build.0 = Release|Any CPU
		{9440B7C3-0361-448E-ADA4-732966AD5BC0}.Debug|Any CPU.ActiveCfg = Debug|Any CPU
		{9440B7C3-0361-448E-ADA4-732966AD5BC0}.Debug|Any CPU.Build.0 = Debug|Any CPU
		{9440B7C3-0361-448E-ADA4-732966AD5BC0}.Release|Any CPU.ActiveCfg = Release|Any CPU
		{9440B7C3-0361-448E-ADA4-732966AD5BC0}.Release|Any CPU.Build.0 = Release|Any CPU
		{7A5E63BE-272D-4E7E-9A91-D9F1CB942D0A}.Debug|Any CPU.ActiveCfg = Debug|Any CPU
		{7A5E63BE-272D-4E7E-9A91-D9F1CB942D0A}.Debug|Any CPU.Build.0 = Debug|Any CPU
		{7A5E63BE-272D-4E7E-9A91-D9F1CB942D0A}.Release|Any CPU.ActiveCfg = Release|Any CPU
		{7A5E63BE-272D-4E7E-9A91-D9F1CB942D0A}.Release|Any CPU.Build.0 = Release|Any CPU
	EndGlobalSection
	GlobalSection(SolutionProperties) = preSolution
		HideSolutionNode = FALSE
	EndGlobalSection
	GlobalSection(ExtensibilityGlobals) = postSolution
		SolutionGuid = {F707D98B-289B-4CB1-B297-FF443D0F1A69}
	EndGlobalSection
	GlobalSection(NestedProjects) = preSolution
		{2252FB55-2DCF-4AE1-8FDB-797807BBA89C} = {F392217E-E89B-402A-A145-21B0B0EC7010}
		{731E2CFA-B1E1-4A41-AC00-8B124EA92BFA} = {F392217E-E89B-402A-A145-21B0B0EC7010}
		{E2697A13-CE3E-4C71-A73A-0C5C9121A1A0} = {F392217E-E89B-402A-A145-21B0B0EC7010}
		{9440B7C3-0361-448E-ADA4-732966AD5BC0} = {F392217E-E89B-402A-A145-21B0B0EC7010}
		{7A5E63BE-272D-4E7E-9A91-D9F1CB942D0A} = {F392217E-E89B-402A-A145-21B0B0EC7010}
	EndGlobalSection
EndGlobal
