
Microsoft Visual Studio Solution File, Format Version 12.00
# Visual Studio Version 17
VisualStudioVersion = 17.11.35219.272
MinimumVisualStudioVersion = 10.0.40219.1
Project("{9A19103F-16F7-4668-BE54-9A1E7A4F7556}") = "Gruppe10KVprototype", "Gruppe10KVprototype\Gruppe10KVprototype.csproj", "{014870E9-4DE9-42A8-920C-50EBE2ADEC45}"
EndProject
Project("{9A19103F-16F7-4668-BE54-9A1E7A4F7556}") = "Models", "Models\Models.csproj", "{38783C25-A0E4-46AB-B198-D62C62115084}"
EndProject
Project("{9A19103F-16F7-4668-BE54-9A1E7A4F7556}") = "Interfaces", "Interfaces\Interfaces.csproj", "{4AC06544-A90B-40E0-ABCE-B3C41FEFB80E}"
EndProject
Project("{9A19103F-16F7-4668-BE54-9A1E7A4F7556}") = "ViewModels", "ViewModels\ViewModels.csproj", "{DF262408-9CA5-4837-8161-52418C910A1B}"
EndProject
Project("{9A19103F-16F7-4668-BE54-9A1E7A4F7556}") = "DataAccess", "DataAccsess\DataAccess.csproj", "{7C7C97FA-E8BC-43D8-AC76-2D7B5F331946}"
EndProject
Project("{FAE04EC0-301F-11D3-BF4B-00C04F79EFBC}") = "Logic", "Logic\Logic.csproj", "{358DB19B-90CE-44F6-80B3-7017B2540D5E}"
EndProject
Global
	GlobalSection(SolutionConfigurationPlatforms) = preSolution
		Debug|Any CPU = Debug|Any CPU
		Release|Any CPU = Release|Any CPU
	EndGlobalSection
	GlobalSection(ProjectConfigurationPlatforms) = postSolution
		{014870E9-4DE9-42A8-920C-50EBE2ADEC45}.Debug|Any CPU.ActiveCfg = Debug|Any CPU
		{014870E9-4DE9-42A8-920C-50EBE2ADEC45}.Debug|Any CPU.Build.0 = Debug|Any CPU
		{014870E9-4DE9-42A8-920C-50EBE2ADEC45}.Release|Any CPU.ActiveCfg = Release|Any CPU
		{014870E9-4DE9-42A8-920C-50EBE2ADEC45}.Release|Any CPU.Build.0 = Release|Any CPU
		{38783C25-A0E4-46AB-B198-D62C62115084}.Debug|Any CPU.ActiveCfg = Debug|Any CPU
		{38783C25-A0E4-46AB-B198-D62C62115084}.Debug|Any CPU.Build.0 = Debug|Any CPU
		{38783C25-A0E4-46AB-B198-D62C62115084}.Release|Any CPU.ActiveCfg = Release|Any CPU
		{38783C25-A0E4-46AB-B198-D62C62115084}.Release|Any CPU.Build.0 = Release|Any CPU
		{4AC06544-A90B-40E0-ABCE-B3C41FEFB80E}.Debug|Any CPU.ActiveCfg = Debug|Any CPU
		{4AC06544-A90B-40E0-ABCE-B3C41FEFB80E}.Debug|Any CPU.Build.0 = Debug|Any CPU
		{4AC06544-A90B-40E0-ABCE-B3C41FEFB80E}.Release|Any CPU.ActiveCfg = Release|Any CPU
		{4AC06544-A90B-40E0-ABCE-B3C41FEFB80E}.Release|Any CPU.Build.0 = Release|Any CPU
		{DF262408-9CA5-4837-8161-52418C910A1B}.Debug|Any CPU.ActiveCfg = Debug|Any CPU
		{DF262408-9CA5-4837-8161-52418C910A1B}.Debug|Any CPU.Build.0 = Debug|Any CPU
		{DF262408-9CA5-4837-8161-52418C910A1B}.Release|Any CPU.ActiveCfg = Release|Any CPU
		{DF262408-9CA5-4837-8161-52418C910A1B}.Release|Any CPU.Build.0 = Release|Any CPU
		{7C7C97FA-E8BC-43D8-AC76-2D7B5F331946}.Debug|Any CPU.ActiveCfg = Debug|Any CPU
		{7C7C97FA-E8BC-43D8-AC76-2D7B5F331946}.Debug|Any CPU.Build.0 = Debug|Any CPU
		{7C7C97FA-E8BC-43D8-AC76-2D7B5F331946}.Release|Any CPU.ActiveCfg = Release|Any CPU
		{7C7C97FA-E8BC-43D8-AC76-2D7B5F331946}.Release|Any CPU.Build.0 = Release|Any CPU
		{358DB19B-90CE-44F6-80B3-7017B2540D5E}.Debug|Any CPU.ActiveCfg = Debug|Any CPU
		{358DB19B-90CE-44F6-80B3-7017B2540D5E}.Debug|Any CPU.Build.0 = Debug|Any CPU
		{358DB19B-90CE-44F6-80B3-7017B2540D5E}.Release|Any CPU.ActiveCfg = Release|Any CPU
		{358DB19B-90CE-44F6-80B3-7017B2540D5E}.Release|Any CPU.Build.0 = Release|Any CPU
	EndGlobalSection
	GlobalSection(SolutionProperties) = preSolution
		HideSolutionNode = FALSE
	EndGlobalSection
	GlobalSection(ExtensibilityGlobals) = postSolution
		SolutionGuid = {F707D98B-289B-4CB1-B297-FF443D0F1A69}
	EndGlobalSection
EndGlobal
